{
  "sources": {
    "rackspace_cloudmonitoring": {
      "path": "."
    },
    "rackspace_yum": {
      "locked_version": "4.0.0",
      "git": "https://github.com/rackspace-cookbooks/yum",
      "ref": "5bfa40b04b2be2ade6eda2413fabd6ff239e5e7a"
    },
    "rackspace_apt": {
      "locked_version": "3.0.0",
      "git": "https://github.com/rackspace-cookbooks/apt",
      "ref": "c5fbdf87c380b8052cc9bde511d4cb39cbe949ca"
    },
    "xml": {
      "locked_version": "1.2.0"
    },
    "build-essential": {
      "locked_version": "1.4.2"
    }
  }
}
